
Microsoft Visual Studio Solution File, Format Version 12.00
# Visual Studio Version 16
VisualStudioVersion = 16.0.30717.126
MinimumVisualStudioVersion = 10.0.40219.1
Project("{8BC9CEB8-8B4A-11D0-8D11-00A0C91BC942}") = "18120018_18120061_18120062_18120533_18120543_Lab01", "18120018_18120061_18120062_18120533_18120543_Lab01.vcxproj", "{DEFD4D11-9E3E-4944-8074-413855FFA366}"
EndProject
Global
	GlobalSection(SolutionConfigurationPlatforms) = preSolution
		Debug|x64 = Debug|x64
		Debug|x86 = Debug|x86
		Release|x64 = Release|x64
		Release|x86 = Release|x86
	EndGlobalSection
	GlobalSection(ProjectConfigurationPlatforms) = postSolution
		{DEFD4D11-9E3E-4944-8074-413855FFA366}.Debug|x64.ActiveCfg = Debug|x64
		{DEFD4D11-9E3E-4944-8074-413855FFA366}.Debug|x64.Build.0 = Debug|x64
		{DEFD4D11-9E3E-4944-8074-413855FFA366}.Debug|x86.ActiveCfg = Debug|Win32
		{DEFD4D11-9E3E-4944-8074-413855FFA366}.Debug|x86.Build.0 = Debug|Win32
		{DEFD4D11-9E3E-4944-8074-413855FFA366}.Release|x64.ActiveCfg = Release|x64
		{DEFD4D11-9E3E-4944-8074-413855FFA366}.Release|x64.Build.0 = Release|x64
		{DEFD4D11-9E3E-4944-8074-413855FFA366}.Release|x86.ActiveCfg = Release|Win32
		{DEFD4D11-9E3E-4944-8074-413855FFA366}.Release|x86.Build.0 = Release|Win32
	EndGlobalSection
	GlobalSection(SolutionProperties) = preSolution
		HideSolutionNode = FALSE
	EndGlobalSection
	GlobalSection(ExtensibilityGlobals) = postSolution
		SolutionGuid = {E266ED8E-6136-4384-A5C3-B3BDFE756135}
	EndGlobalSection
EndGlobal
